PODS:
  - CSwiftV (0.0.7)
  - PathKit (0.8.0)
  - Realm (3.0.0-beta.4):
    - Realm/Headers (= 3.0.0-beta.4)
  - Realm/Headers (3.0.0-beta.4)
  - SSZipArchive (2.0.7)
  - TGSpreadsheetWriter (1.0.2):
    - SSZipArchive

DEPENDENCIES:
  - CSwiftV
  - PathKit
  - Realm (~> 3.0.0-beta)
  - TGSpreadsheetWriter

SPEC CHECKSUMS:
  CSwiftV: 602a0cb1df5f758d6005eacb6472c9bc752a7e7c
  PathKit: dcab05d701474011aae0e40cf892298a831f63d6
  Realm: 61978a10127ec9a4638f0df4d48a08b5e1ded77e
  SSZipArchive: 8c197761d66bd33e7f8b5b51ee57dff303971150
  TGSpreadsheetWriter: 09bbb2c18a111a11c94ff9c1af2320e2530c958e

PODFILE CHECKSUM: aab8f0ee39391fc035200c10a8bda5a0a4c3698e

COCOAPODS: 1.3.1
