// !$*UTF8*$!
{
	archiveVersion = 1;
	classes = {
	};
	objectVersion = 46;
	objects = {

/* Begin PBXBuildFile section */
		2213C7011C50BE1000902618 /* RealmConverter.framework in Frameworks */ = {isa = PBXBuildFile; fileRef = 2213C6F61C50BE1000902618 /* RealmConverter.framework */; };
		2222C9891C64553C0074D877 /* RLMRealmConverter+Exporter.m in Sources */ = {isa = PBXBuildFile; fileRef = 228B0D8E1C6092D200D7325B /* RLMRealmConverter+Exporter.m */; };
		2222C98A1C64553D0074D877 /* RealmConverter+Importer.swift in Sources */ = {isa = PBXBuildFile; fileRef = 228B0D901C6092D200D7325B /* RealmConverter+Importer.swift */; };
		22679D6B1C74272E002248FC /* users.xlsx in Resources */ = {isa = PBXBuildFile; fileRef = 22679D6A1C74272E002248FC /* users.xlsx */; };
		22679D6D1C742793002248FC /* RLMRealmConverter+Importer.m in Sources */ = {isa = PBXBuildFile; fileRef = 22679D6C1C742793002248FC /* RLMRealmConverter+Importer.m */; };
		228B0D721C6092CB00D7325B /* CSVDataExporter.swift in Sources */ = {isa = PBXBuildFile; fileRef = 228B0D631C6092CB00D7325B /* CSVDataExporter.swift */; };
		228B0D731C6092CB00D7325B /* DataExporter.swift in Sources */ = {isa = PBXBuildFile; fileRef = 228B0D641C6092CB00D7325B /* DataExporter.swift */; };
		228B0D741C6092CB00D7325B /* CSVDataImporter.swift in Sources */ = {isa = PBXBuildFile; fileRef = 228B0D661C6092CB00D7325B /* CSVDataImporter.swift */; };
		228B0D751C6092CB00D7325B /* DataImporter.swift in Sources */ = {isa = PBXBuildFile; fileRef = 228B0D671C6092CB00D7325B /* DataImporter.swift */; };
		228B0D761C6092CB00D7325B /* XLSXDataImporter.swift in Sources */ = {isa = PBXBuildFile; fileRef = 228B0D681C6092CB00D7325B /* XLSXDataImporter.swift */; };
		228B0D781C6092CB00D7325B /* RealmConverter.h in Headers */ = {isa = PBXBuildFile; fileRef = 228B0D6A1C6092CB00D7325B /* RealmConverter.h */; settings = {ATTRIBUTES = (Public, ); }; };
		228B0D791C6092CB00D7325B /* ImportObjectSchema.swift in Sources */ = {isa = PBXBuildFile; fileRef = 228B0D6C1C6092CB00D7325B /* ImportObjectSchema.swift */; };
		228B0D7A1C6092CB00D7325B /* ImportSchema.swift in Sources */ = {isa = PBXBuildFile; fileRef = 228B0D6D1C6092CB00D7325B /* ImportSchema.swift */; };
		228B0D7B1C6092CB00D7325B /* ImportSchemaGenerator.swift in Sources */ = {isa = PBXBuildFile; fileRef = 228B0D6E1C6092CB00D7325B /* ImportSchemaGenerator.swift */; };
		228B0D7C1C6092CB00D7325B /* Encoding.swift in Sources */ = {isa = PBXBuildFile; fileRef = 228B0D701C6092CB00D7325B /* Encoding.swift */; };
		228B0D7D1C6092CB00D7325B /* String+CamelCase.swift in Sources */ = {isa = PBXBuildFile; fileRef = 228B0D711C6092CB00D7325B /* String+CamelCase.swift */; };
		22D3D9D41C60A4AA0035AF1F /* businesses.csv in Resources */ = {isa = PBXBuildFile; fileRef = 228B0D801C6092D200D7325B /* businesses.csv */; };
		22D3D9D51C60A4AA0035AF1F /* dogs.csv in Resources */ = {isa = PBXBuildFile; fileRef = 228B0D811C6092D200D7325B /* dogs.csv */; };
		22D3D9D61C60A4AA0035AF1F /* dogs.realm in Resources */ = {isa = PBXBuildFile; fileRef = 228B0D821C6092D200D7325B /* dogs.realm */; };
		22D3D9D71C60A4AA0035AF1F /* inspections.csv in Resources */ = {isa = PBXBuildFile; fileRef = 228B0D881C6092D200D7325B /* inspections.csv */; };
		22D3D9D81C60A4AA0035AF1F /* people.csv in Resources */ = {isa = PBXBuildFile; fileRef = 228B0D891C6092D200D7325B /* people.csv */; };
		22D3D9D91C60A4AA0035AF1F /* restaurant.xlsx in Resources */ = {isa = PBXBuildFile; fileRef = 228B0D8A1C6092D200D7325B /* restaurant.xlsx */; };
		22D3D9DA1C60A4AA0035AF1F /* violations.csv in Resources */ = {isa = PBXBuildFile; fileRef = 228B0D8B1C6092D200D7325B /* violations.csv */; };
		46838A8100686F25CD39B402 /* Pods_RealmConverter.framework in Frameworks */ = {isa = PBXBuildFile; fileRef = E7D3F035062069EA7EE1D07F /* Pods_RealmConverter.framework */; };
/* End PBXBuildFile section */

/* Begin PBXContainerItemProxy section */
		2213C7021C50BE1000902618 /* PBXContainerItemProxy */ = {
			isa = PBXContainerItemProxy;
			containerPortal = 2213C6ED1C50BE1000902618 /* Project object */;
			proxyType = 1;
			remoteGlobalIDString = 2213C6F51C50BE1000902618;
			remoteInfo = ConvertKit;
		};
/* End PBXContainerItemProxy section */

/* Begin PBXCopyFilesBuildPhase section */
		22FAADB61C7C549700832102 /* CopyFiles */ = {
			isa = PBXCopyFilesBuildPhase;
			buildActionMask = 2147483647;
			dstPath = "";
			dstSubfolderSpec = 10;
			files = (
			);
			runOnlyForDeploymentPostprocessing = 0;
		};
/* End PBXCopyFilesBuildPhase section */

/* Begin PBXFileReference section */
		2213C6F61C50BE1000902618 /* RealmConverter.framework */ = {isa = PBXFileReference; explicitFileType = wrapper.framework; includeInIndex = 0; path = RealmConverter.framework; sourceTree = BUILT_PRODUCTS_DIR; };
		2213C7001C50BE1000902618 /* RealmConverter.xctest */ = {isa = PBXFileReference; explicitFileType = wrapper.cfbundle; includeInIndex = 0; path = RealmConverter.xctest; sourceTree = BUILT_PRODUCTS_DIR; };
		22679D6A1C74272E002248FC /* users.xlsx */ = {isa = PBXFileReference; lastKnownFileType = file; path = users.xlsx; sourceTree = "<group>"; };
		22679D6C1C742793002248FC /* RLMRealmConverter+Importer.m */ = {isa = PBXFileReference; fileEncoding = 4; lastKnownFileType = sourcecode.c.objc; path = "RLMRealmConverter+Importer.m"; sourceTree = "<group>"; };
		228B0D631C6092CB00D7325B /* CSVDataExporter.swift */ = {isa = PBXFileReference; fileEncoding = 4; lastKnownFileType = sourcecode.swift; path = CSVDataExporter.swift; sourceTree = "<group>"; };
		228B0D641C6092CB00D7325B /* DataExporter.swift */ = {isa = PBXFileReference; fileEncoding = 4; lastKnownFileType = sourcecode.swift; path = DataExporter.swift; sourceTree = "<group>"; };
		228B0D661C6092CB00D7325B /* CSVDataImporter.swift */ = {isa = PBXFileReference; fileEncoding = 4; lastKnownFileType = sourcecode.swift; path = CSVDataImporter.swift; sourceTree = "<group>"; };
		228B0D671C6092CB00D7325B /* DataImporter.swift */ = {isa = PBXFileReference; fileEncoding = 4; lastKnownFileType = sourcecode.swift; path = DataImporter.swift; sourceTree = "<group>"; };
		228B0D681C6092CB00D7325B /* XLSXDataImporter.swift */ = {isa = PBXFileReference; fileEncoding = 4; lastKnownFileType = sourcecode.swift; path = XLSXDataImporter.swift; sourceTree = "<group>"; };
		228B0D691C6092CB00D7325B /* Info.plist */ = {isa = PBXFileReference; fileEncoding = 4; lastKnownFileType = text.plist.xml; path = Info.plist; sourceTree = "<group>"; };
		228B0D6A1C6092CB00D7325B /* RealmConverter.h */ = {isa = PBXFileReference; fileEncoding = 4; lastKnownFileType = sourcecode.c.h; path = RealmConverter.h; sourceTree = "<group>"; };
		228B0D6C1C6092CB00D7325B /* ImportObjectSchema.swift */ = {isa = PBXFileReference; fileEncoding = 4; lastKnownFileType = sourcecode.swift; path = ImportObjectSchema.swift; sourceTree = "<group>"; };
		228B0D6D1C6092CB00D7325B /* ImportSchema.swift */ = {isa = PBXFileReference; fileEncoding = 4; lastKnownFileType = sourcecode.swift; path = ImportSchema.swift; sourceTree = "<group>"; };
		228B0D6E1C6092CB00D7325B /* ImportSchemaGenerator.swift */ = {isa = PBXFileReference; fileEncoding = 4; lastKnownFileType = sourcecode.swift; path = ImportSchemaGenerator.swift; sourceTree = "<group>"; };
		228B0D701C6092CB00D7325B /* Encoding.swift */ = {isa = PBXFileReference; fileEncoding = 4; lastKnownFileType = sourcecode.swift; path = Encoding.swift; sourceTree = "<group>"; };
		228B0D711C6092CB00D7325B /* String+CamelCase.swift */ = {isa = PBXFileReference; fileEncoding = 4; lastKnownFileType = sourcecode.swift; path = "String+CamelCase.swift"; sourceTree = "<group>"; };
		228B0D801C6092D200D7325B /* businesses.csv */ = {isa = PBXFileReference; fileEncoding = 4; lastKnownFileType = text; path = businesses.csv; sourceTree = "<group>"; };
		228B0D811C6092D200D7325B /* dogs.csv */ = {isa = PBXFileReference; fileEncoding = 4; lastKnownFileType = text; path = dogs.csv; sourceTree = "<group>"; };
		228B0D821C6092D200D7325B /* dogs.realm */ = {isa = PBXFileReference; lastKnownFileType = file; path = dogs.realm; sourceTree = "<group>"; };
		228B0D871C6092D200D7325B /* dogs.realm.note */ = {isa = PBXFileReference; lastKnownFileType = file; path = dogs.realm.note; sourceTree = "<group>"; };
		228B0D881C6092D200D7325B /* inspections.csv */ = {isa = PBXFileReference; fileEncoding = 4; lastKnownFileType = text; path = inspections.csv; sourceTree = "<group>"; };
		228B0D891C6092D200D7325B /* people.csv */ = {isa = PBXFileReference; fileEncoding = 4; lastKnownFileType = text; path = people.csv; sourceTree = "<group>"; };
		228B0D8A1C6092D200D7325B /* restaurant.xlsx */ = {isa = PBXFileReference; lastKnownFileType = file; path = restaurant.xlsx; sourceTree = "<group>"; };
		228B0D8B1C6092D200D7325B /* violations.csv */ = {isa = PBXFileReference; fileEncoding = 4; lastKnownFileType = text; path = violations.csv; sourceTree = "<group>"; };
		228B0D8C1C6092D200D7325B /* Info.plist */ = {isa = PBXFileReference; fileEncoding = 4; lastKnownFileType = text.plist.xml; path = Info.plist; sourceTree = "<group>"; };
		228B0D8E1C6092D200D7325B /* RLMRealmConverter+Exporter.m */ = {isa = PBXFileReference; fileEncoding = 4; lastKnownFileType = sourcecode.c.objc; path = "RLMRealmConverter+Exporter.m"; sourceTree = "<group>"; };
		228B0D901C6092D200D7325B /* RealmConverter+Importer.swift */ = {isa = PBXFileReference; fileEncoding = 4; lastKnownFileType = sourcecode.swift; path = "RealmConverter+Importer.swift"; sourceTree = "<group>"; };
		22FAADB71C7C54AE00832102 /* CSwiftV.framework */ = {isa = PBXFileReference; lastKnownFileType = wrapper.framework; path = CSwiftV.framework; sourceTree = "<group>"; };
		22FAADB81C7C54AE00832102 /* PathKit.framework */ = {isa = PBXFileReference; lastKnownFileType = wrapper.framework; path = PathKit.framework; sourceTree = "<group>"; };
		22FAADB91C7C54AE00832102 /* Realm.framework */ = {isa = PBXFileReference; lastKnownFileType = wrapper.framework; path = Realm.framework; sourceTree = "<group>"; };
		22FAADBA1C7C54AE00832102 /* SSZipArchive.framework */ = {isa = PBXFileReference; lastKnownFileType = wrapper.framework; path = SSZipArchive.framework; sourceTree = "<group>"; };
		22FAADBB1C7C54AE00832102 /* TGSpreadsheetWriter.framework */ = {isa = PBXFileReference; lastKnownFileType = wrapper.framework; path = TGSpreadsheetWriter.framework; sourceTree = "<group>"; };
		6E4179B1ADFEFF96E4C770CE /* Pods-RealmConverter.release.xcconfig */ = {isa = PBXFileReference; includeInIndex = 1; lastKnownFileType = text.xcconfig; name = "Pods-RealmConverter.release.xcconfig"; path = "Pods/Target Support Files/Pods-RealmConverter/Pods-RealmConverter.release.xcconfig"; sourceTree = "<group>"; };
		A56670D06FDECD3D43370213 /* Pods-RealmConverter.debug.xcconfig */ = {isa = PBXFileReference; includeInIndex = 1; lastKnownFileType = text.xcconfig; name = "Pods-RealmConverter.debug.xcconfig"; path = "Pods/Target Support Files/Pods-RealmConverter/Pods-RealmConverter.debug.xcconfig"; sourceTree = "<group>"; };
		E7D3F035062069EA7EE1D07F /* Pods_RealmConverter.framework */ = {isa = PBXFileReference; explicitFileType = wrapper.framework; includeInIndex = 0; path = Pods_RealmConverter.framework; sourceTree = BUILT_PRODUCTS_DIR; };
/* End PBXFileReference section */

/* Begin PBXFrameworksBuildPhase section */
		2213C6F21C50BE1000902618 /* Frameworks */ = {
			isa = PBXFrameworksBuildPhase;
			buildActionMask = 2147483647;
			files = (
				46838A8100686F25CD39B402 /* Pods_RealmConverter.framework in Frameworks */,
			);
			runOnlyForDeploymentPostprocessing = 0;
		};
		2213C6FD1C50BE1000902618 /* Frameworks */ = {
			isa = PBXFrameworksBuildPhase;
			buildActionMask = 2147483647;
			files = (
				2213C7011C50BE1000902618 /* RealmConverter.framework in Frameworks */,
			);
			runOnlyForDeploymentPostprocessing = 0;
		};
/* End PBXFrameworksBuildPhase section */

/* Begin PBXGroup section */
		11521AD19685034448EFA312 /* Frameworks */ = {
			isa = PBXGroup;
			children = (
				22FAADB71C7C54AE00832102 /* CSwiftV.framework */,
				22FAADB81C7C54AE00832102 /* PathKit.framework */,
				22FAADB91C7C54AE00832102 /* Realm.framework */,
				22FAADBA1C7C54AE00832102 /* SSZipArchive.framework */,
				22FAADBB1C7C54AE00832102 /* TGSpreadsheetWriter.framework */,
				E7D3F035062069EA7EE1D07F /* Pods_RealmConverter.framework */,
			);
			name = Frameworks;
			sourceTree = "<group>";
		};
		2213C6EC1C50BE1000902618 = {
			isa = PBXGroup;
			children = (
				228B0D611C6092CB00D7325B /* RealmConverter */,
				228B0D7E1C6092D200D7325B /* RealmConverterTests */,
				2213C6F71C50BE1000902618 /* Products */,
				11521AD19685034448EFA312 /* Frameworks */,
				B7CDA46C8E46265FEA045974 /* Pods */,
			);
			sourceTree = "<group>";
		};
		2213C6F71C50BE1000902618 /* Products */ = {
			isa = PBXGroup;
			children = (
				2213C6F61C50BE1000902618 /* RealmConverter.framework */,
				2213C7001C50BE1000902618 /* RealmConverter.xctest */,
			);
			name = Products;
			sourceTree = "<group>";
		};
		228B0D611C6092CB00D7325B /* RealmConverter */ = {
			isa = PBXGroup;
			children = (
				228B0D691C6092CB00D7325B /* Info.plist */,
				228B0D6A1C6092CB00D7325B /* RealmConverter.h */,
				228B0D621C6092CB00D7325B /* Exporter */,
				228B0D651C6092CB00D7325B /* Importer */,
				228B0D6B1C6092CB00D7325B /* Schema */,
				228B0D6F1C6092CB00D7325B /* Support */,
			);
			path = RealmConverter;
			sourceTree = "<group>";
		};
		228B0D621C6092CB00D7325B /* Exporter */ = {
			isa = PBXGroup;
			children = (
				228B0D641C6092CB00D7325B /* DataExporter.swift */,
				228B0D631C6092CB00D7325B /* CSVDataExporter.swift */,
			);
			path = Exporter;
			sourceTree = "<group>";
		};
		228B0D651C6092CB00D7325B /* Importer */ = {
			isa = PBXGroup;
			children = (
				228B0D671C6092CB00D7325B /* DataImporter.swift */,
				228B0D661C6092CB00D7325B /* CSVDataImporter.swift */,
				228B0D681C6092CB00D7325B /* XLSXDataImporter.swift */,
			);
			path = Importer;
			sourceTree = "<group>";
		};
		228B0D6B1C6092CB00D7325B /* Schema */ = {
			isa = PBXGroup;
			children = (
				228B0D6E1C6092CB00D7325B /* ImportSchemaGenerator.swift */,
				228B0D6D1C6092CB00D7325B /* ImportSchema.swift */,
				228B0D6C1C6092CB00D7325B /* ImportObjectSchema.swift */,
			);
			path = Schema;
			sourceTree = "<group>";
		};
		228B0D6F1C6092CB00D7325B /* Support */ = {
			isa = PBXGroup;
			children = (
				228B0D701C6092CB00D7325B /* Encoding.swift */,
				228B0D711C6092CB00D7325B /* String+CamelCase.swift */,
			);
			path = Support;
			sourceTree = "<group>";
		};
		228B0D7E1C6092D200D7325B /* RealmConverterTests */ = {
			isa = PBXGroup;
			children = (
				228B0D7F1C6092D200D7325B /* Assets */,
				228B0D8C1C6092D200D7325B /* Info.plist */,
				228B0D8D1C6092D200D7325B /* Objective-C */,
				228B0D8F1C6092D200D7325B /* Swift */,
			);
			path = RealmConverterTests;
			sourceTree = "<group>";
		};
		228B0D7F1C6092D200D7325B /* Assets */ = {
			isa = PBXGroup;
			children = (
				22679D6A1C74272E002248FC /* users.xlsx */,
				228B0D801C6092D200D7325B /* businesses.csv */,
				228B0D811C6092D200D7325B /* dogs.csv */,
				228B0D821C6092D200D7325B /* dogs.realm */,
				228B0D871C6092D200D7325B /* dogs.realm.note */,
				228B0D881C6092D200D7325B /* inspections.csv */,
				228B0D891C6092D200D7325B /* people.csv */,
				228B0D8A1C6092D200D7325B /* restaurant.xlsx */,
				228B0D8B1C6092D200D7325B /* violations.csv */,
			);
			path = Assets;
			sourceTree = "<group>";
		};
		228B0D8D1C6092D200D7325B /* Objective-C */ = {
			isa = PBXGroup;
			children = (
				228B0D8E1C6092D200D7325B /* RLMRealmConverter+Exporter.m */,
				22679D6C1C742793002248FC /* RLMRealmConverter+Importer.m */,
			);
			path = "Objective-C";
			sourceTree = "<group>";
		};
		228B0D8F1C6092D200D7325B /* Swift */ = {
			isa = PBXGroup;
			children = (
				228B0D901C6092D200D7325B /* RealmConverter+Importer.swift */,
			);
			path = Swift;
			sourceTree = "<group>";
		};
		B7CDA46C8E46265FEA045974 /* Pods */ = {
			isa = PBXGroup;
			children = (
				A56670D06FDECD3D43370213 /* Pods-RealmConverter.debug.xcconfig */,
				6E4179B1ADFEFF96E4C770CE /* Pods-RealmConverter.release.xcconfig */,
			);
			name = Pods;
			sourceTree = "<group>";
		};
/* End PBXGroup section */

/* Begin PBXHeadersBuildPhase section */
		2213C6F31C50BE1000902618 /* Headers */ = {
			isa = PBXHeadersBuildPhase;
			buildActionMask = 2147483647;
			files = (
				228B0D781C6092CB00D7325B /* RealmConverter.h in Headers */,
			);
			runOnlyForDeploymentPostprocessing = 0;
		};
/* End PBXHeadersBuildPhase section */

/* Begin PBXNativeTarget section */
		2213C6F51C50BE1000902618 /* RealmConverter */ = {
			isa = PBXNativeTarget;
			buildConfigurationList = 2213C70A1C50BE1000902618 /* Build configuration list for PBXNativeTarget "RealmConverter" */;
			buildPhases = (
				F19086637D1DD336EDEA91B0 /* 📦 Check Pods Manifest.lock */,
				2213C6F11C50BE1000902618 /* Sources */,
				2213C6F21C50BE1000902618 /* Frameworks */,
				2213C6F31C50BE1000902618 /* Headers */,
				2213C6F41C50BE1000902618 /* Resources */,
				22FAADB61C7C549700832102 /* CopyFiles */,
				A01A1192C9AAB0CEC4A6EF7C /* 📦 Copy Pods Resources */,
			);
			buildRules = (
			);
			dependencies = (
			);
			name = RealmConverter;
			productName = ConvertKit;
			productReference = 2213C6F61C50BE1000902618 /* RealmConverter.framework */;
			productType = "com.apple.product-type.framework";
		};
		2213C6FF1C50BE1000902618 /* RealmConverterTests */ = {
			isa = PBXNativeTarget;
			buildConfigurationList = 2213C70D1C50BE1000902618 /* Build configuration list for PBXNativeTarget "RealmConverterTests" */;
			buildPhases = (
				2213C6FC1C50BE1000902618 /* Sources */,
				2213C6FD1C50BE1000902618 /* Frameworks */,
				2213C6FE1C50BE1000902618 /* Resources */,
			);
			buildRules = (
			);
			dependencies = (
				2213C7031C50BE1000902618 /* PBXTargetDependency */,
			);
			name = RealmConverterTests;
			productName = ConvertKitTests;
			productReference = 2213C7001C50BE1000902618 /* RealmConverter.xctest */;
			productType = "com.apple.product-type.bundle.unit-test";
		};
/* End PBXNativeTarget section */

/* Begin PBXProject section */
		2213C6ED1C50BE1000902618 /* Project object */ = {
			isa = PBXProject;
			attributes = {
				LastSwiftUpdateCheck = 0720;
				LastUpgradeCheck = 0720;
				ORGANIZATIONNAME = Realm;
				TargetAttributes = {
					2213C6F51C50BE1000902618 = {
						CreatedOnToolsVersion = 7.2;
					};
					2213C6FF1C50BE1000902618 = {
						CreatedOnToolsVersion = 7.2;
					};
				};
			};
			buildConfigurationList = 2213C6F01C50BE1000902618 /* Build configuration list for PBXProject "RealmConverter" */;
			compatibilityVersion = "Xcode 3.2";
			developmentRegion = English;
			hasScannedForEncodings = 0;
			knownRegions = (
				en,
			);
			mainGroup = 2213C6EC1C50BE1000902618;
			productRefGroup = 2213C6F71C50BE1000902618 /* Products */;
			projectDirPath = "";
			projectRoot = "";
			targets = (
				2213C6F51C50BE1000902618 /* RealmConverter */,
				2213C6FF1C50BE1000902618 /* RealmConverterTests */,
			);
		};
/* End PBXProject section */

/* Begin PBXResourcesBuildPhase section */
		2213C6F41C50BE1000902618 /* Resources */ = {
			isa = PBXResourcesBuildPhase;
			buildActionMask = 2147483647;
			files = (
			);
			runOnlyForDeploymentPostprocessing = 0;
		};
		2213C6FE1C50BE1000902618 /* Resources */ = {
			isa = PBXResourcesBuildPhase;
			buildActionMask = 2147483647;
			files = (
				22D3D9D41C60A4AA0035AF1F /* businesses.csv in Resources */,
				22679D6B1C74272E002248FC /* users.xlsx in Resources */,
				22D3D9D51C60A4AA0035AF1F /* dogs.csv in Resources */,
				22D3D9D61C60A4AA0035AF1F /* dogs.realm in Resources */,
				22D3D9D71C60A4AA0035AF1F /* inspections.csv in Resources */,
				22D3D9D81C60A4AA0035AF1F /* people.csv in Resources */,
				22D3D9D91C60A4AA0035AF1F /* restaurant.xlsx in Resources */,
				22D3D9DA1C60A4AA0035AF1F /* violations.csv in Resources */,
			);
			runOnlyForDeploymentPostprocessing = 0;
		};
/* End PBXResourcesBuildPhase section */

/* Begin PBXShellScriptBuildPhase section */
		A01A1192C9AAB0CEC4A6EF7C /* 📦 Copy Pods Resources */ = {
			isa = PBXShellScriptBuildPhase;
			buildActionMask = 2147483647;
			files = (
			);
			inputPaths = (
			);
			name = "📦 Copy Pods Resources";
			outputPaths = (
			);
			runOnlyForDeploymentPostprocessing = 0;
			shellPath = /bin/sh;
			shellScript = "\"${SRCROOT}/Pods/Target Support Files/Pods-RealmConverter/Pods-RealmConverter-resources.sh\"\n";
			showEnvVarsInLog = 0;
		};
		F19086637D1DD336EDEA91B0 /* 📦 Check Pods Manifest.lock */ = {
			isa = PBXShellScriptBuildPhase;
			buildActionMask = 2147483647;
			files = (
			);
			inputPaths = (
			);
			name = "📦 Check Pods Manifest.lock";
			outputPaths = (
			);
			runOnlyForDeploymentPostprocessing = 0;
			shellPath = /bin/sh;
			shellScript = "diff \"${PODS_ROOT}/../Podfile.lock\" \"${PODS_ROOT}/Manifest.lock\" > /dev/null\nif [[ $? != 0 ]] ; then\n    cat << EOM\nerror: The sandbox is not in sync with the Podfile.lock. Run 'pod install' or update your CocoaPods installation.\nEOM\n    exit 1\nfi\n";
			showEnvVarsInLog = 0;
		};
/* End PBXShellScriptBuildPhase section */

/* Begin PBXSourcesBuildPhase section */
		2213C6F11C50BE1000902618 /* Sources */ = {
			isa = PBXSourcesBuildPhase;
			buildActionMask = 2147483647;
			files = (
				228B0D7C1C6092CB00D7325B /* Encoding.swift in Sources */,
				228B0D731C6092CB00D7325B /* DataExporter.swift in Sources */,
				228B0D7B1C6092CB00D7325B /* ImportSchemaGenerator.swift in Sources */,
				228B0D7D1C6092CB00D7325B /* String+CamelCase.swift in Sources */,
				228B0D751C6092CB00D7325B /* DataImporter.swift in Sources */,
				228B0D791C6092CB00D7325B /* ImportObjectSchema.swift in Sources */,
				228B0D761C6092CB00D7325B /* XLSXDataImporter.swift in Sources */,
				228B0D721C6092CB00D7325B /* CSVDataExporter.swift in Sources */,
				228B0D7A1C6092CB00D7325B /* ImportSchema.swift in Sources */,
				228B0D741C6092CB00D7325B /* CSVDataImporter.swift in Sources */,
			);
			runOnlyForDeploymentPostprocessing = 0;
		};
		2213C6FC1C50BE1000902618 /* Sources */ = {
			isa = PBXSourcesBuildPhase;
			buildActionMask = 2147483647;
			files = (
				2222C9891C64553C0074D877 /* RLMRealmConverter+Exporter.m in Sources */,
				22679D6D1C742793002248FC /* RLMRealmConverter+Importer.m in Sources */,
				2222C98A1C64553D0074D877 /* RealmConverter+Importer.swift in Sources */,
			);
			runOnlyForDeploymentPostprocessing = 0;
		};
/* End PBXSourcesBuildPhase section */

/* Begin PBXTargetDependency section */
		2213C7031C50BE1000902618 /* PBXTargetDependency */ = {
			isa = PBXTargetDependency;
			target = 2213C6F51C50BE1000902618 /* RealmConverter */;
			targetProxy = 2213C7021C50BE1000902618 /* PBXContainerItemProxy */;
		};
/* End PBXTargetDependency section */

/* Begin XCBuildConfiguration section */
		2213C7081C50BE1000902618 /* Debug */ = {
			isa = XCBuildConfiguration;
			buildSettings = {
				ALWAYS_SEARCH_USER_PATHS = NO;
				CLANG_CXX_LANGUAGE_STANDARD = "gnu++0x";
				CLANG_CXX_LIBRARY = "libc++";
				CLANG_ENABLE_MODULES = YES;
				CLANG_ENABLE_OBJC_ARC = YES;
				CLANG_WARN_BOOL_CONVERSION = YES;
				CLANG_WARN_CONSTANT_CONVERSION = YES;
				CLANG_WARN_DIRECT_OBJC_ISA_USAGE = YES_ERROR;
				CLANG_WARN_EMPTY_BODY = YES;
				CLANG_WARN_ENUM_CONVERSION = YES;
				CLANG_WARN_INT_CONVERSION = YES;
				CLANG_WARN_OBJC_ROOT_CLASS = YES_ERROR;
				CLANG_WARN_UNREACHABLE_CODE = YES;
				CLANG_WARN__DUPLICATE_METHOD_MATCH = YES;
				CODE_SIGN_IDENTITY = "-";
				COPY_PHASE_STRIP = NO;
				CURRENT_PROJECT_VERSION = 1;
				DEBUG_INFORMATION_FORMAT = dwarf;
				ENABLE_STRICT_OBJC_MSGSEND = YES;
				ENABLE_TESTABILITY = YES;
				GCC_C_LANGUAGE_STANDARD = gnu99;
				GCC_DYNAMIC_NO_PIC = NO;
				GCC_NO_COMMON_BLOCKS = YES;
				GCC_OPTIMIZATION_LEVEL = 0;
				GCC_PREPROCESSOR_DEFINITIONS = (
					"DEBUG=1",
					"$(inherited)",
				);
				GCC_WARN_64_TO_32_BIT_CONVERSION = YES;
				GCC_WARN_ABOUT_RETURN_TYPE = YES_ERROR;
				GCC_WARN_UNDECLARED_SELECTOR = YES;
				GCC_WARN_UNINITIALIZED_AUTOS = YES_AGGRESSIVE;
				GCC_WARN_UNUSED_FUNCTION = YES;
				GCC_WARN_UNUSED_VARIABLE = YES;
				MACOSX_DEPLOYMENT_TARGET = 10.9;
				MTL_ENABLE_DEBUG_INFO = YES;
				ONLY_ACTIVE_ARCH = YES;
				SDKROOT = macosx;
				SWIFT_OPTIMIZATION_LEVEL = "-Onone";
				VERSIONING_SYSTEM = "apple-generic";
				VERSION_INFO_PREFIX = "";
			};
			name = Debug;
		};
		2213C7091C50BE1000902618 /* Release */ = {
			isa = XCBuildConfiguration;
			buildSettings = {
				ALWAYS_SEARCH_USER_PATHS = NO;
				CLANG_CXX_LANGUAGE_STANDARD = "gnu++0x";
				CLANG_CXX_LIBRARY = "libc++";
				CLANG_ENABLE_MODULES = YES;
				CLANG_ENABLE_OBJC_ARC = YES;
				CLANG_WARN_BOOL_CONVERSION = YES;
				CLANG_WARN_CONSTANT_CONVERSION = YES;
				CLANG_WARN_DIRECT_OBJC_ISA_USAGE = YES_ERROR;
				CLANG_WARN_EMPTY_BODY = YES;
				CLANG_WARN_ENUM_CONVERSION = YES;
				CLANG_WARN_INT_CONVERSION = YES;
				CLANG_WARN_OBJC_ROOT_CLASS = YES_ERROR;
				CLANG_WARN_UNREACHABLE_CODE = YES;
				CLANG_WARN__DUPLICATE_METHOD_MATCH = YES;
				CODE_SIGN_IDENTITY = "-";
				COPY_PHASE_STRIP = NO;
				CURRENT_PROJECT_VERSION = 1;
				DEBUG_INFORMATION_FORMAT = "dwarf-with-dsym";
				ENABLE_NS_ASSERTIONS = NO;
				ENABLE_STRICT_OBJC_MSGSEND = YES;
				GCC_C_LANGUAGE_STANDARD = gnu99;
				GCC_NO_COMMON_BLOCKS = YES;
				GCC_WARN_64_TO_32_BIT_CONVERSION = YES;
				GCC_WARN_ABOUT_RETURN_TYPE = YES_ERROR;
				GCC_WARN_UNDECLARED_SELECTOR = YES;
				GCC_WARN_UNINITIALIZED_AUTOS = YES_AGGRESSIVE;
				GCC_WARN_UNUSED_FUNCTION = YES;
				GCC_WARN_UNUSED_VARIABLE = YES;
				MACOSX_DEPLOYMENT_TARGET = 10.9;
				MTL_ENABLE_DEBUG_INFO = NO;
				SDKROOT = macosx;
				VERSIONING_SYSTEM = "apple-generic";
				VERSION_INFO_PREFIX = "";
			};
			name = Release;
		};
		2213C70B1C50BE1000902618 /* Debug */ = {
			isa = XCBuildConfiguration;
			baseConfigurationReference = A56670D06FDECD3D43370213 /* Pods-RealmConverter.debug.xcconfig */;
			buildSettings = {
				CLANG_ENABLE_MODULES = YES;
				CODE_SIGN_IDENTITY = "Mac Developer";
				COMBINE_HIDPI_IMAGES = YES;
				DEFINES_MODULE = YES;
				DYLIB_COMPATIBILITY_VERSION = 1;
				DYLIB_CURRENT_VERSION = 1;
				DYLIB_INSTALL_NAME_BASE = "@rpath";
				FRAMEWORK_SEARCH_PATHS = "$(inherited)";
				FRAMEWORK_VERSION = A;
				INFOPLIST_FILE = "$(SRCROOT)/RealmConverter/Info.plist";
				INSTALL_PATH = "$(LOCAL_LIBRARY_DIR)/Frameworks";
				LD_RUNPATH_SEARCH_PATHS = "$(inherited) @executable_path/../Frameworks @loader_path/Frameworks";
				PRODUCT_BUNDLE_IDENTIFIER = io.realm.converter;
				PRODUCT_NAME = RealmConverter;
				SDKROOT = macosx;
				SWIFT_OPTIMIZATION_LEVEL = "-Onone";
			};
			name = Debug;
		};
		2213C70C1C50BE1000902618 /* Release */ = {
			isa = XCBuildConfiguration;
			baseConfigurationReference = 6E4179B1ADFEFF96E4C770CE /* Pods-RealmConverter.release.xcconfig */;
			buildSettings = {
				CLANG_ENABLE_MODULES = YES;
				CODE_SIGN_IDENTITY = "Mac Developer";
				COMBINE_HIDPI_IMAGES = YES;
				DEFINES_MODULE = YES;
				DYLIB_COMPATIBILITY_VERSION = 1;
				DYLIB_CURRENT_VERSION = 1;
				DYLIB_INSTALL_NAME_BASE = "@rpath";
				ENABLE_TESTABILITY = YES;
				FRAMEWORK_SEARCH_PATHS = "$(inherited)";
				FRAMEWORK_VERSION = A;
				INFOPLIST_FILE = "$(SRCROOT)/RealmConverter/Info.plist";
				INSTALL_PATH = "$(LOCAL_LIBRARY_DIR)/Frameworks";
				LD_RUNPATH_SEARCH_PATHS = "$(inherited) @executable_path/../Frameworks @loader_path/Frameworks";
				PRODUCT_BUNDLE_IDENTIFIER = io.realm.converter;
				PRODUCT_NAME = RealmConverter;
				SDKROOT = macosx;
			};
			name = Release;
		};
		2213C70E1C50BE1000902618 /* Debug */ = {
			isa = XCBuildConfiguration;
			buildSettings = {
				CODE_SIGN_IDENTITY = "Mac Developer";
				COMBINE_HIDPI_IMAGES = YES;
				INFOPLIST_FILE = RealmConverterTests/Info.plist;
				LD_RUNPATH_SEARCH_PATHS = "$(inherited) @executable_path/../Frameworks @loader_path/../Frameworks";
				PRODUCT_BUNDLE_IDENTIFIER = io.realm.ConverterTests;
				PRODUCT_MODULE_NAME = "$(PRODUCT_NAME:c99extidentifier)Tests";
				PRODUCT_NAME = RealmConverter;
			};
			name = Debug;
		};
		2213C70F1C50BE1000902618 /* Release */ = {
			isa = XCBuildConfiguration;
			buildSettings = {
				CODE_SIGN_IDENTITY = "Mac Developer";
				COMBINE_HIDPI_IMAGES = YES;
				INFOPLIST_FILE = RealmConverterTests/Info.plist;
				LD_RUNPATH_SEARCH_PATHS = "$(inherited) @executable_path/../Frameworks @loader_path/../Frameworks";
				PRODUCT_BUNDLE_IDENTIFIER = io.realm.ConverterTests;
				PRODUCT_MODULE_NAME = "$(PRODUCT_NAME:c99extidentifier)Tests";
				PRODUCT_NAME = RealmConverter;
			};
			name = Release;
		};
/* End XCBuildConfiguration section */

/* Begin XCConfigurationList section */
		2213C6F01C50BE1000902618 /* Build configuration list for PBXProject "RealmConverter" */ = {
			isa = XCConfigurationList;
			buildConfigurations = (
				2213C7081C50BE1000902618 /* Debug */,
				2213C7091C50BE1000902618 /* Release */,
			);
			defaultConfigurationIsVisible = 0;
			defaultConfigurationName = Release;
		};
		2213C70A1C50BE1000902618 /* Build configuration list for PBXNativeTarget "RealmConverter" */ = {
			isa = XCConfigurationList;
			buildConfigurations = (
				2213C70B1C50BE1000902618 /* Debug */,
				2213C70C1C50BE1000902618 /* Release */,
			);
			defaultConfigurationIsVisible = 0;
			defaultConfigurationName = Release;
		};
		2213C70D1C50BE1000902618 /* Build configuration list for PBXNativeTarget "RealmConverterTests" */ = {
			isa = XCConfigurationList;
			buildConfigurations = (
				2213C70E1C50BE1000902618 /* Debug */,
				2213C70F1C50BE1000902618 /* Release */,
			);
			defaultConfigurationIsVisible = 0;
			defaultConfigurationName = Release;
		};
/* End XCConfigurationList section */
	};
	rootObject = 2213C6ED1C50BE1000902618 /* Project object */;
}
